
Microsoft Visual Studio Solution File, Format Version 12.00
# Visual Studio Version 17
VisualStudioVersion = 17.13.35806.99 d17.13
MinimumVisualStudioVersion = 10.0.40219.1
Project("{FAE04EC0-301F-11D3-BF4B-00C04F79EFBC}") = "tpmodul8_103022300043", "tpmodul8_103022300043.csproj", "{53D4AB08-448E-40FB-AF4D-A6BC6D32CA9C}"
EndProject
Global
	GlobalSection(SolutionConfigurationPlatforms) = preSolution
		Debug|Any CPU = Debug|Any CPU
		Release|Any CPU = Release|Any CPU
	EndGlobalSection
	GlobalSection(ProjectConfigurationPlatforms) = postSolution
		{53D4AB08-448E-40FB-AF4D-A6BC6D32CA9C}.Debug|Any CPU.ActiveCfg = Debug|Any CPU
		{53D4AB08-448E-40FB-AF4D-A6BC6D32CA9C}.Debug|Any CPU.Build.0 = Debug|Any CPU
		{53D4AB08-448E-40FB-AF4D-A6BC6D32CA9C}.Release|Any CPU.ActiveCfg = Release|Any CPU
		{53D4AB08-448E-40FB-AF4D-A6BC6D32CA9C}.Release|Any CPU.Build.0 = Release|Any CPU
	EndGlobalSection
	GlobalSection(SolutionProperties) = preSolution
		HideSolutionNode = FALSE
	EndGlobalSection
	GlobalSection(ExtensibilityGlobals) = postSolution
		SolutionGuid = {CF29562E-8736-418A-A049-6E194BBA38D2}
	EndGlobalSection
EndGlobal
